
Microsoft Visual Studio Solution File, Format Version 12.00
# Visual Studio Version 17
VisualStudioVersion = 17.4.33205.214
MinimumVisualStudioVersion = 10.0.40219.1
Project("{9A19103F-16F7-4668-BE54-9A1E7A4F7556}") = "MyMessager", "MyMessager.csproj", "{4E82320D-63BD-4861-862A-9BA52686A0B2}"
EndProject
Project("{FAE04EC0-301F-11D3-BF4B-00C04F79EFBC}") = "Server", "..\Server\Server.csproj", "{8178BC9B-FB1D-4D65-B3FE-90AF0C49C981}"
EndProject
Global
	GlobalSection(SolutionConfigurationPlatforms) = preSolution
		Debug|Any CPU = Debug|Any CPU
		Release|Any CPU = Release|Any CPU
	EndGlobalSection
	GlobalSection(ProjectConfigurationPlatforms) = postSolution
		{4E82320D-63BD-4861-862A-9BA52686A0B2}.Debug|Any CPU.ActiveCfg = Debug|Any CPU
		{4E82320D-63BD-4861-862A-9BA52686A0B2}.Debug|Any CPU.Build.0 = Debug|Any CPU
		{4E82320D-63BD-4861-862A-9BA52686A0B2}.Release|Any CPU.ActiveCfg = Release|Any CPU
		{4E82320D-63BD-4861-862A-9BA52686A0B2}.Release|Any CPU.Build.0 = Release|Any CPU
		{8178BC9B-FB1D-4D65-B3FE-90AF0C49C981}.Debug|Any CPU.ActiveCfg = Debug|Any CPU
		{8178BC9B-FB1D-4D65-B3FE-90AF0C49C981}.Debug|Any CPU.Build.0 = Debug|Any CPU
		{8178BC9B-FB1D-4D65-B3FE-90AF0C49C981}.Release|Any CPU.ActiveCfg = Release|Any CPU
		{8178BC9B-FB1D-4D65-B3FE-90AF0C49C981}.Release|Any CPU.Build.0 = Release|Any CPU
	EndGlobalSection
	GlobalSection(SolutionProperties) = preSolution
		HideSolutionNode = FALSE
	EndGlobalSection
	GlobalSection(ExtensibilityGlobals) = postSolution
		SolutionGuid = {0C13B386-86EB-4702-8F3B-33A43B948590}
	EndGlobalSection
EndGlobal
